# THIS IS AN AUTOGENERATED FILE. DO NOT EDIT THIS FILE DIRECTLY.
# yarn lockfile v1


angular-animate@~1.5.8:
  version "1.5.11"
  resolved "https://registry.yarnpkg.com/angular-animate/-/angular-animate-1.5.11.tgz#1baa43c303d1b93c4e6aa89453b39114b7a1c669"

angular@~1.5.8:
  version "1.5.11"
  resolved "https://registry.yarnpkg.com/angular/-/angular-1.5.11.tgz#8c5ba7386f15965c9acf3429f6881553aada30d6"

bootstrap@~3.3.5:
  version "3.3.7"
  resolved "https://registry.yarnpkg.com/bootstrap/-/bootstrap-3.3.7.tgz#5a389394549f23330875a3b150656574f8a9eb71"

font-awesome@~4.4.0:
  version "4.4.0"
  resolved "https://registry.yarnpkg.com/font-awesome/-/font-awesome-4.4.0.tgz#9fe43f82cf72726badcbdb2704407aadaca17da9"

jquery@2.2.3:
  version "2.2.3"
  resolved "https://registry.yarnpkg.com/jquery/-/jquery-2.2.3.tgz#45e07e4190334de36c9e1a64b43b1f1373d91758"
